{
  "originHash" : "c4e709c1b68b6bbfab4fc76a4de3cd3de3226ce7ac47f698c0f5240dec69334e",
  "pins" : [
    {
      "identity" : "madog",
      "kind" : "remoteSourceControl",
      "location" : "https://github.com/cerihughes/Madog",
      "state" : {
        "revision" : "8d9fb16cecdaea0434d31dbcce33f22037e917a8",
        "version" : "7.0.1"
      }
    },
    {
      "identity" : "snapkit",
      "kind" : "remoteSourceControl",
      "location" : "https://github.com/SnapKit/SnapKit",
      "state" : {
        "revision" : "2842e6e84e82eb9a8dac0100ca90d9444b0307f4",
        "version" : "5.7.1"
      }
    }
  ],
  "version" : 3
}
