// !$*UTF8*$!
{
	archiveVersion = 1;
	classes = {
	};
	objectVersion = 50;
	objects = {

/* Begin PBXBuildFile section */
		650788C62162899800252727 /* LobbyCollectionViewLayout.swift in Sources */ = {isa = PBXBuildFile; fileRef = 650788C52162899800252727 /* LobbyCollectionViewLayout.swift */; };
		650788C821638B0000252727 /* MaterialFactory.swift in Sources */ = {isa = PBXBuildFile; fileRef = 650788C721638B0000252727 /* MaterialFactory.swift */; };
		650788CA2163989D00252727 /* ColourGenerator.swift in Sources */ = {isa = PBXBuildFile; fileRef = 650788C92163989D00252727 /* ColourGenerator.swift */; };
		6515594E213FFD0000F35776 /* GridIndex.swift in Sources */ = {isa = PBXBuildFile; fileRef = 6515594D213FFD0000F35776 /* GridIndex.swift */; };
		6515594F213FFD4400F35776 /* GridIndex.swift in Sources */ = {isa = PBXBuildFile; fileRef = 6515594D213FFD0000F35776 /* GridIndex.swift */; };
		65155950213FFD7000F35776 /* ValueGenerator.swift in Sources */ = {isa = PBXBuildFile; fileRef = 65EDA8F8213EFA7C00BEC738 /* ValueGenerator.swift */; };
		6515595221403AD500F35776 /* NodeMap.swift in Sources */ = {isa = PBXBuildFile; fileRef = 6515595121403AD500F35776 /* NodeMap.swift */; };
		652778CE2145625E00643BE0 /* GridPiece.swift in Sources */ = {isa = PBXBuildFile; fileRef = 652778CD2145625E00643BE0 /* GridPiece.swift */; };
		6529F31F216636B5006856DB /* StagingAreaViewControllerProvider.swift in Sources */ = {isa = PBXBuildFile; fileRef = 6529F31E216636B5006856DB /* StagingAreaViewControllerProvider.swift */; };
		6529F321216636C3006856DB /* StagingAreaViewController.swift in Sources */ = {isa = PBXBuildFile; fileRef = 6529F320216636C3006856DB /* StagingAreaViewController.swift */; };
		6529F323216636D2006856DB /* StagingAreaViewModel.swift in Sources */ = {isa = PBXBuildFile; fileRef = 6529F322216636D2006856DB /* StagingAreaViewModel.swift */; };
		652B39C2213EB76B006D9AB0 /* GridIndexTests.swift in Sources */ = {isa = PBXBuildFile; fileRef = 652B39C1213EB76B006D9AB0 /* GridIndexTests.swift */; };
		6546A842213C0651009F0650 /* AppDelegate.swift in Sources */ = {isa = PBXBuildFile; fileRef = 6546A841213C0651009F0650 /* AppDelegate.swift */; };
		6546A844213C0651009F0650 /* GameMainViewController.swift in Sources */ = {isa = PBXBuildFile; fileRef = 6546A843213C0651009F0650 /* GameMainViewController.swift */; };
		6546A849213C0652009F0650 /* Assets.xcassets in Resources */ = {isa = PBXBuildFile; fileRef = 6546A848213C0652009F0650 /* Assets.xcassets */; };
		6546A84C213C0652009F0650 /* LaunchScreen.storyboard in Resources */ = {isa = PBXBuildFile; fileRef = 6546A84A213C0652009F0650 /* LaunchScreen.storyboard */; };
		6546A857213C0652009F0650 /* GridTests.swift in Sources */ = {isa = PBXBuildFile; fileRef = 6546A856213C0652009F0650 /* GridTests.swift */; };
		65473B1D2145A23300AC4A2D /* GridPiece.swift in Sources */ = {isa = PBXBuildFile; fileRef = 652778CD2145625E00643BE0 /* GridPiece.swift */; };
		654AB2C5214D486100E8851D /* LevelConfiguration.swift in Sources */ = {isa = PBXBuildFile; fileRef = 65C003B82146BF3400EDB205 /* LevelConfiguration.swift */; };
		654AB2C7214D4B0400E8851D /* GameContainerViewController.swift in Sources */ = {isa = PBXBuildFile; fileRef = 654AB2C6214D4B0400E8851D /* GameContainerViewController.swift */; };
		654B9ECC216638CC00CD81BA /* EyeNode.swift in Sources */ = {isa = PBXBuildFile; fileRef = 654B9ECB216638CB00CD81BA /* EyeNode.swift */; };
		654B9ED0216638FB00CD81BA /* VisionNode.swift in Sources */ = {isa = PBXBuildFile; fileRef = 654B9ECF216638FB00CD81BA /* VisionNode.swift */; };
		654B9ED22166391000CD81BA /* SCNPyramid_Extension.swift in Sources */ = {isa = PBXBuildFile; fileRef = 654B9ED12166391000CD81BA /* SCNPyramid_Extension.swift */; };
		655141EA21543034009E7486 /* NodeManipulator.swift in Sources */ = {isa = PBXBuildFile; fileRef = 655141E921543034009E7486 /* NodeManipulator.swift */; };
		655D5E5121564E7800BA2F49 /* LobbyViewController.swift in Sources */ = {isa = PBXBuildFile; fileRef = 655D5E5021564E7800BA2F49 /* LobbyViewController.swift */; };
		655D5E5321564F0E00BA2F49 /* LobbyViewModel.swift in Sources */ = {isa = PBXBuildFile; fileRef = 655D5E5221564F0E00BA2F49 /* LobbyViewModel.swift */; };
		655D5E5721564FC400BA2F49 /* LobbyCollectionViewCell.swift in Sources */ = {isa = PBXBuildFile; fileRef = 655D5E5621564FC400BA2F49 /* LobbyCollectionViewCell.swift */; };
		656635DB2141483D00C264EA /* GameViewModel.swift in Sources */ = {isa = PBXBuildFile; fileRef = 656635DA2141483D00C264EA /* GameViewModel.swift */; };
		6567866F215E7A79005105EE /* ViewControllerRegistry.swift in Sources */ = {isa = PBXBuildFile; fileRef = 6567866E215E7A79005105EE /* ViewControllerRegistry.swift */; };
		65678671215E7CC2005105EE /* UI.swift in Sources */ = {isa = PBXBuildFile; fileRef = 65678670215E7CC2005105EE /* UI.swift */; };
		65678673215E8105005105EE /* GameViewControllerProvider.swift in Sources */ = {isa = PBXBuildFile; fileRef = 65678672215E8105005105EE /* GameViewControllerProvider.swift */; };
		65678679215E87E1005105EE /* LevelSummaryViewControllerProvider.swift in Sources */ = {isa = PBXBuildFile; fileRef = 65678678215E87E1005105EE /* LevelSummaryViewControllerProvider.swift */; };
		6567867B215E87F5005105EE /* LobbyViewControllerProvider.swift in Sources */ = {isa = PBXBuildFile; fileRef = 6567867A215E87F5005105EE /* LobbyViewControllerProvider.swift */; };
		6567867E215E8F91005105EE /* RegistrationLocator.swift in Sources */ = {isa = PBXBuildFile; fileRef = 6567867D215E8F91005105EE /* RegistrationLocator.swift */; };
		656AAEE5214EA4C600991151 /* FloorNode.swift in Sources */ = {isa = PBXBuildFile; fileRef = 656AAEE4214EA4C600991151 /* FloorNode.swift */; };
		656AAEE7214EB82100991151 /* TreeNode.swift in Sources */ = {isa = PBXBuildFile; fileRef = 656AAEE6214EB82100991151 /* TreeNode.swift */; };
		656AAEE9214EBAAA00991151 /* RockNode.swift in Sources */ = {isa = PBXBuildFile; fileRef = 656AAEE8214EBAAA00991151 /* RockNode.swift */; };
		656AAEEB214ECBD500991151 /* SlopeNode.swift in Sources */ = {isa = PBXBuildFile; fileRef = 656AAEEA214ECBD500991151 /* SlopeNode.swift */; };
		656AAEED214ECE3100991151 /* OpponentNode.swift in Sources */ = {isa = PBXBuildFile; fileRef = 656AAEEC214ECE3100991151 /* OpponentNode.swift */; };
		656AAEEF214ED18D00991151 /* SynthoidNode.swift in Sources */ = {isa = PBXBuildFile; fileRef = 656AAEEE214ED18D00991151 /* SynthoidNode.swift */; };
		656AAEF1214ED76600991151 /* TerrainNode.swift in Sources */ = {isa = PBXBuildFile; fileRef = 656AAEF0214ED76600991151 /* TerrainNode.swift */; };
		656AED89215A5E61005D88B3 /* PlayerViewModel.swift in Sources */ = {isa = PBXBuildFile; fileRef = 656AED88215A5E61005D88B3 /* PlayerViewModel.swift */; };
		656AED8B215A5E6D005D88B3 /* OpponentsViewModel.swift in Sources */ = {isa = PBXBuildFile; fileRef = 656AED8A215A5E6D005D88B3 /* OpponentsViewModel.swift */; };
		656AED8D215A5E74005D88B3 /* TerrainViewModel.swift in Sources */ = {isa = PBXBuildFile; fileRef = 656AED8C215A5E74005D88B3 /* TerrainViewModel.swift */; };
		656AED90215A68BC005D88B3 /* BasicInputHandler.swift in Sources */ = {isa = PBXBuildFile; fileRef = 656AED8F215A68BC005D88B3 /* BasicInputHandler.swift */; };
		657A3B48214F070D0092E2D9 /* PlaceableNode.swift in Sources */ = {isa = PBXBuildFile; fileRef = 657A3B47214F070D0092E2D9 /* PlaceableNode.swift */; };
		6586AC9F214F1325008727D9 /* SCNNode_Extensions.swift in Sources */ = {isa = PBXBuildFile; fileRef = 6586AC9E214F1325008727D9 /* SCNNode_Extensions.swift */; };
		6586ACA1214FC753008727D9 /* DetectableNode.swift in Sources */ = {isa = PBXBuildFile; fileRef = 6586ACA0214FC753008727D9 /* DetectableNode.swift */; };
		6586ACA521500CEE008727D9 /* TimeMachine.swift in Sources */ = {isa = PBXBuildFile; fileRef = 6586ACA421500CEE008727D9 /* TimeMachine.swift */; };
		659395F1213D46B700302665 /* TerrainGenerator.swift in Sources */ = {isa = PBXBuildFile; fileRef = 659395F0213D46B700302665 /* TerrainGenerator.swift */; };
		659395F4213D511A00302665 /* TerrainGenerator.swift in Sources */ = {isa = PBXBuildFile; fileRef = 659395F0213D46B700302665 /* TerrainGenerator.swift */; };
		6594D0F12152B09300D13EC6 /* ViewingNode.swift in Sources */ = {isa = PBXBuildFile; fileRef = 6594D0F02152B09300D13EC6 /* ViewingNode.swift */; };
		65A18F50215BB1D00014E90B /* SwipeInputViewModel.swift in Sources */ = {isa = PBXBuildFile; fileRef = 65A18F4F215BB1CF0014E90B /* SwipeInputViewModel.swift */; };
		65A381F2215E9B700011052F /* UIContext.swift in Sources */ = {isa = PBXBuildFile; fileRef = 65A381F1215E9B700011052F /* UIContext.swift */; };
		65A381F4215FA06C0011052F /* LeafViewController.swift in Sources */ = {isa = PBXBuildFile; fileRef = 65A381F3215FA06C0011052F /* LeafViewController.swift */; };
		65A381F7215FA3040011052F /* IntroViewControllerProvider.swift in Sources */ = {isa = PBXBuildFile; fileRef = 65A381F6215FA3040011052F /* IntroViewControllerProvider.swift */; };
		65A381F9215FA30C0011052F /* IntroViewController.swift in Sources */ = {isa = PBXBuildFile; fileRef = 65A381F8215FA30C0011052F /* IntroViewController.swift */; };
		65A9E07421417013009011C8 /* GridPointTests.swift in Sources */ = {isa = PBXBuildFile; fileRef = 65A9E07321417013009011C8 /* GridPointTests.swift */; };
		65A9E0762142712C009011C8 /* skybox.png in Resources */ = {isa = PBXBuildFile; fileRef = 65A9E0752142712B009011C8 /* skybox.png */; };
		65A9E07821427795009011C8 /* SkyBox.swift in Sources */ = {isa = PBXBuildFile; fileRef = 65A9E07721427795009011C8 /* SkyBox.swift */; };
		65B83F81213C08C600515915 /* NodeFactory.swift in Sources */ = {isa = PBXBuildFile; fileRef = 65B83F80213C08C600515915 /* NodeFactory.swift */; };
		65B83F83213C08E400515915 /* Grid.swift in Sources */ = {isa = PBXBuildFile; fileRef = 65B83F82213C08E400515915 /* Grid.swift */; };
		65B83F84213C09A000515915 /* Grid.swift in Sources */ = {isa = PBXBuildFile; fileRef = 65B83F82213C08E400515915 /* Grid.swift */; };
		65BB5F262155443900E01923 /* DetectionAreaNode.swift in Sources */ = {isa = PBXBuildFile; fileRef = 65BB5F252155443900E01923 /* DetectionAreaNode.swift */; };
		65BFF02021414F66000861F8 /* NodePositioning.swift in Sources */ = {isa = PBXBuildFile; fileRef = 65BFF01F21414F66000861F8 /* NodePositioning.swift */; };
		65C003B92146BF3400EDB205 /* LevelConfiguration.swift in Sources */ = {isa = PBXBuildFile; fileRef = 65C003B82146BF3400EDB205 /* LevelConfiguration.swift */; };
		65CDD425215E643D004703EE /* LevelSummaryViewModel.swift in Sources */ = {isa = PBXBuildFile; fileRef = 65CDD424215E643D004703EE /* LevelSummaryViewModel.swift */; };
		65CDD427215E644B004703EE /* LevelSummaryViewController.swift in Sources */ = {isa = PBXBuildFile; fileRef = 65CDD426215E644B004703EE /* LevelSummaryViewController.swift */; };
		65D2C8B92168CEA9007E6B5E /* InputHandler.swift in Sources */ = {isa = PBXBuildFile; fileRef = 65D2C8B82168CEA9007E6B5E /* InputHandler.swift */; };
		65D57A922167A31100CC4374 /* CameraNode.swift in Sources */ = {isa = PBXBuildFile; fileRef = 65D57A912167A31100CC4374 /* CameraNode.swift */; };
		65D7F1DD2157FD390085C6CF /* OverlayScene.swift in Sources */ = {isa = PBXBuildFile; fileRef = 65D7F1DC2157FD390085C6CF /* OverlayScene.swift */; };
		65D7F1DF2157FFDE0085C6CF /* Sprites.atlas in Resources */ = {isa = PBXBuildFile; fileRef = 65D7F1DE2157FFDE0085C6CF /* Sprites.atlas */; };
		65D7F1E1215800F80085C6CF /* SpriteFactory.swift in Sources */ = {isa = PBXBuildFile; fileRef = 65D7F1E0215800F80085C6CF /* SpriteFactory.swift */; };
		65DCBC5F2154047A00F5D2FB /* SpaceWorld.swift in Sources */ = {isa = PBXBuildFile; fileRef = 65DCBC5E2154047A00F5D2FB /* SpaceWorld.swift */; };
		65DCBC61215407D000F5D2FB /* World.swift in Sources */ = {isa = PBXBuildFile; fileRef = 65DCBC60215407D000F5D2FB /* World.swift */; };
		65DCBC6321540C2900F5D2FB /* SceneViewController.swift in Sources */ = {isa = PBXBuildFile; fileRef = 65DCBC6221540C2900F5D2FB /* SceneViewController.swift */; };
		65E422CE216E50B20056CB96 /* ViewControllerProvider.swift in Sources */ = {isa = PBXBuildFile; fileRef = 65E422CD216E50B20056CB96 /* ViewControllerProvider.swift */; };
		65EDA8F9213EFA7C00BEC738 /* ValueGenerator.swift in Sources */ = {isa = PBXBuildFile; fileRef = 65EDA8F8213EFA7C00BEC738 /* ValueGenerator.swift */; };
		65F89CDA216256970031CFC0 /* SceneImageLoader.swift in Sources */ = {isa = PBXBuildFile; fileRef = 65F89CD9216256970031CFC0 /* SceneImageLoader.swift */; };
/* End PBXBuildFile section */

/* Begin PBXContainerItemProxy section */
		6546A853213C0652009F0650 /* PBXContainerItemProxy */ = {
			isa = PBXContainerItemProxy;
			containerPortal = 6546A836213C0651009F0650 /* Project object */;
			proxyType = 1;
			remoteGlobalIDString = 6546A83D213C0651009F0650;
			remoteInfo = Sentinel;
		};
/* End PBXContainerItemProxy section */

/* Begin PBXFileReference section */
		650788C52162899800252727 /* LobbyCollectionViewLayout.swift */ = {isa = PBXFileReference; lastKnownFileType = sourcecode.swift; path = LobbyCollectionViewLayout.swift; sourceTree = "<group>"; };
		650788C721638B0000252727 /* MaterialFactory.swift */ = {isa = PBXFileReference; lastKnownFileType = sourcecode.swift; path = MaterialFactory.swift; sourceTree = "<group>"; };
		650788C92163989D00252727 /* ColourGenerator.swift */ = {isa = PBXFileReference; lastKnownFileType = sourcecode.swift; path = ColourGenerator.swift; sourceTree = "<group>"; };
		6515594D213FFD0000F35776 /* GridIndex.swift */ = {isa = PBXFileReference; lastKnownFileType = sourcecode.swift; path = GridIndex.swift; sourceTree = "<group>"; };
		6515595121403AD500F35776 /* NodeMap.swift */ = {isa = PBXFileReference; lastKnownFileType = sourcecode.swift; path = NodeMap.swift; sourceTree = "<group>"; };
		652778CD2145625E00643BE0 /* GridPiece.swift */ = {isa = PBXFileReference; lastKnownFileType = sourcecode.swift; path = GridPiece.swift; sourceTree = "<group>"; };
		6529F31E216636B5006856DB /* StagingAreaViewControllerProvider.swift */ = {isa = PBXFileReference; lastKnownFileType = sourcecode.swift; path = StagingAreaViewControllerProvider.swift; sourceTree = "<group>"; };
		6529F320216636C3006856DB /* StagingAreaViewController.swift */ = {isa = PBXFileReference; lastKnownFileType = sourcecode.swift; path = StagingAreaViewController.swift; sourceTree = "<group>"; };
		6529F322216636D2006856DB /* StagingAreaViewModel.swift */ = {isa = PBXFileReference; lastKnownFileType = sourcecode.swift; path = StagingAreaViewModel.swift; sourceTree = "<group>"; };
		652B39C1213EB76B006D9AB0 /* GridIndexTests.swift */ = {isa = PBXFileReference; lastKnownFileType = sourcecode.swift; path = GridIndexTests.swift; sourceTree = "<group>"; };
		6546A83E213C0651009F0650 /* Sentinel.app */ = {isa = PBXFileReference; explicitFileType = wrapper.application; includeInIndex = 0; path = Sentinel.app; sourceTree = BUILT_PRODUCTS_DIR; };
		6546A841213C0651009F0650 /* AppDelegate.swift */ = {isa = PBXFileReference; lastKnownFileType = sourcecode.swift; path = AppDelegate.swift; sourceTree = "<group>"; };
		6546A843213C0651009F0650 /* GameMainViewController.swift */ = {isa = PBXFileReference; lastKnownFileType = sourcecode.swift; path = GameMainViewController.swift; sourceTree = "<group>"; };
		6546A848213C0652009F0650 /* Assets.xcassets */ = {isa = PBXFileReference; lastKnownFileType = folder.assetcatalog; path = Assets.xcassets; sourceTree = "<group>"; };
		6546A84B213C0652009F0650 /* Base */ = {isa = PBXFileReference; lastKnownFileType = file.storyboard; name = Base; path = Base.lproj/LaunchScreen.storyboard; sourceTree = "<group>"; };
		6546A84D213C0652009F0650 /* Info.plist */ = {isa = PBXFileReference; lastKnownFileType = text.plist.xml; path = Info.plist; sourceTree = "<group>"; };
		6546A852213C0652009F0650 /* SentinelTests.xctest */ = {isa = PBXFileReference; explicitFileType = wrapper.cfbundle; includeInIndex = 0; path = SentinelTests.xctest; sourceTree = BUILT_PRODUCTS_DIR; };
		6546A856213C0652009F0650 /* GridTests.swift */ = {isa = PBXFileReference; lastKnownFileType = sourcecode.swift; path = GridTests.swift; sourceTree = "<group>"; };
		6546A858213C0652009F0650 /* Info.plist */ = {isa = PBXFileReference; lastKnownFileType = text.plist.xml; path = Info.plist; sourceTree = "<group>"; };
		654AB2C6214D4B0400E8851D /* GameContainerViewController.swift */ = {isa = PBXFileReference; lastKnownFileType = sourcecode.swift; path = GameContainerViewController.swift; sourceTree = "<group>"; };
		654B9ECB216638CB00CD81BA /* EyeNode.swift */ = {isa = PBXFileReference; fileEncoding = 4; lastKnownFileType = sourcecode.swift; path = EyeNode.swift; sourceTree = "<group>"; };
		654B9ECF216638FB00CD81BA /* VisionNode.swift */ = {isa = PBXFileReference; fileEncoding = 4; lastKnownFileType = sourcecode.swift; path = VisionNode.swift; sourceTree = "<group>"; };
		654B9ED12166391000CD81BA /* SCNPyramid_Extension.swift */ = {isa = PBXFileReference; fileEncoding = 4; lastKnownFileType = sourcecode.swift; path = SCNPyramid_Extension.swift; sourceTree = "<group>"; };
		655141E921543034009E7486 /* NodeManipulator.swift */ = {isa = PBXFileReference; lastKnownFileType = sourcecode.swift; path = NodeManipulator.swift; sourceTree = "<group>"; };
		655D5E5021564E7800BA2F49 /* LobbyViewController.swift */ = {isa = PBXFileReference; lastKnownFileType = sourcecode.swift; path = LobbyViewController.swift; sourceTree = "<group>"; };
		655D5E5221564F0E00BA2F49 /* LobbyViewModel.swift */ = {isa = PBXFileReference; lastKnownFileType = sourcecode.swift; path = LobbyViewModel.swift; sourceTree = "<group>"; };
		655D5E5621564FC400BA2F49 /* LobbyCollectionViewCell.swift */ = {isa = PBXFileReference; lastKnownFileType = sourcecode.swift; path = LobbyCollectionViewCell.swift; sourceTree = "<group>"; };
		656635DA2141483D00C264EA /* GameViewModel.swift */ = {isa = PBXFileReference; lastKnownFileType = sourcecode.swift; path = GameViewModel.swift; sourceTree = "<group>"; };
		6567866E215E7A79005105EE /* ViewControllerRegistry.swift */ = {isa = PBXFileReference; lastKnownFileType = sourcecode.swift; path = ViewControllerRegistry.swift; sourceTree = "<group>"; };
		65678670215E7CC2005105EE /* UI.swift */ = {isa = PBXFileReference; lastKnownFileType = sourcecode.swift; path = UI.swift; sourceTree = "<group>"; };
		65678672215E8105005105EE /* GameViewControllerProvider.swift */ = {isa = PBXFileReference; lastKnownFileType = sourcecode.swift; path = GameViewControllerProvider.swift; sourceTree = "<group>"; };
		65678678215E87E1005105EE /* LevelSummaryViewControllerProvider.swift */ = {isa = PBXFileReference; lastKnownFileType = sourcecode.swift; path = LevelSummaryViewControllerProvider.swift; sourceTree = "<group>"; };
		6567867A215E87F5005105EE /* LobbyViewControllerProvider.swift */ = {isa = PBXFileReference; lastKnownFileType = sourcecode.swift; path = LobbyViewControllerProvider.swift; sourceTree = "<group>"; };
		6567867D215E8F91005105EE /* RegistrationLocator.swift */ = {isa = PBXFileReference; lastKnownFileType = sourcecode.swift; path = RegistrationLocator.swift; sourceTree = "<group>"; };
		656AAEE4214EA4C600991151 /* FloorNode.swift */ = {isa = PBXFileReference; lastKnownFileType = sourcecode.swift; path = FloorNode.swift; sourceTree = "<group>"; };
		656AAEE6214EB82100991151 /* TreeNode.swift */ = {isa = PBXFileReference; lastKnownFileType = sourcecode.swift; path = TreeNode.swift; sourceTree = "<group>"; };
		656AAEE8214EBAAA00991151 /* RockNode.swift */ = {isa = PBXFileReference; lastKnownFileType = sourcecode.swift; path = RockNode.swift; sourceTree = "<group>"; };
		656AAEEA214ECBD500991151 /* SlopeNode.swift */ = {isa = PBXFileReference; lastKnownFileType = sourcecode.swift; path = SlopeNode.swift; sourceTree = "<group>"; };
		656AAEEC214ECE3100991151 /* OpponentNode.swift */ = {isa = PBXFileReference; lastKnownFileType = sourcecode.swift; path = OpponentNode.swift; sourceTree = "<group>"; };
		656AAEEE214ED18D00991151 /* SynthoidNode.swift */ = {isa = PBXFileReference; lastKnownFileType = sourcecode.swift; path = SynthoidNode.swift; sourceTree = "<group>"; };
		656AAEF0214ED76600991151 /* TerrainNode.swift */ = {isa = PBXFileReference; lastKnownFileType = sourcecode.swift; path = TerrainNode.swift; sourceTree = "<group>"; };
		656AED88215A5E61005D88B3 /* PlayerViewModel.swift */ = {isa = PBXFileReference; fileEncoding = 4; lastKnownFileType = sourcecode.swift; path = PlayerViewModel.swift; sourceTree = "<group>"; };
		656AED8A215A5E6D005D88B3 /* OpponentsViewModel.swift */ = {isa = PBXFileReference; fileEncoding = 4; lastKnownFileType = sourcecode.swift; path = OpponentsViewModel.swift; sourceTree = "<group>"; };
		656AED8C215A5E74005D88B3 /* TerrainViewModel.swift */ = {isa = PBXFileReference; fileEncoding = 4; lastKnownFileType = sourcecode.swift; path = TerrainViewModel.swift; sourceTree = "<group>"; };
		656AED8F215A68BC005D88B3 /* BasicInputHandler.swift */ = {isa = PBXFileReference; lastKnownFileType = sourcecode.swift; path = BasicInputHandler.swift; sourceTree = "<group>"; };
		657A3B47214F070D0092E2D9 /* PlaceableNode.swift */ = {isa = PBXFileReference; lastKnownFileType = sourcecode.swift; path = PlaceableNode.swift; sourceTree = "<group>"; };
		6586AC9E214F1325008727D9 /* SCNNode_Extensions.swift */ = {isa = PBXFileReference; lastKnownFileType = sourcecode.swift; path = SCNNode_Extensions.swift; sourceTree = "<group>"; };
		6586ACA0214FC753008727D9 /* DetectableNode.swift */ = {isa = PBXFileReference; lastKnownFileType = sourcecode.swift; path = DetectableNode.swift; sourceTree = "<group>"; };
		6586ACA421500CEE008727D9 /* TimeMachine.swift */ = {isa = PBXFileReference; lastKnownFileType = sourcecode.swift; path = TimeMachine.swift; sourceTree = "<group>"; };
		659395F0213D46B700302665 /* TerrainGenerator.swift */ = {isa = PBXFileReference; lastKnownFileType = sourcecode.swift; path = TerrainGenerator.swift; sourceTree = "<group>"; };
		6594D0F02152B09300D13EC6 /* ViewingNode.swift */ = {isa = PBXFileReference; lastKnownFileType = sourcecode.swift; path = ViewingNode.swift; sourceTree = "<group>"; };
		65A18F4F215BB1CF0014E90B /* SwipeInputViewModel.swift */ = {isa = PBXFileReference; lastKnownFileType = sourcecode.swift; path = SwipeInputViewModel.swift; sourceTree = "<group>"; };
		65A381F1215E9B700011052F /* UIContext.swift */ = {isa = PBXFileReference; lastKnownFileType = sourcecode.swift; path = UIContext.swift; sourceTree = "<group>"; };
		65A381F3215FA06C0011052F /* LeafViewController.swift */ = {isa = PBXFileReference; lastKnownFileType = sourcecode.swift; path = LeafViewController.swift; sourceTree = "<group>"; };
		65A381F6215FA3040011052F /* IntroViewControllerProvider.swift */ = {isa = PBXFileReference; lastKnownFileType = sourcecode.swift; path = IntroViewControllerProvider.swift; sourceTree = "<group>"; };
		65A381F8215FA30C0011052F /* IntroViewController.swift */ = {isa = PBXFileReference; lastKnownFileType = sourcecode.swift; path = IntroViewController.swift; sourceTree = "<group>"; };
		65A9E07321417013009011C8 /* GridPointTests.swift */ = {isa = PBXFileReference; lastKnownFileType = sourcecode.swift; path = GridPointTests.swift; sourceTree = "<group>"; };
		65A9E0752142712B009011C8 /* skybox.png */ = {isa = PBXFileReference; lastKnownFileType = image.png; path = skybox.png; sourceTree = "<group>"; };
		65A9E07721427795009011C8 /* SkyBox.swift */ = {isa = PBXFileReference; lastKnownFileType = sourcecode.swift; path = SkyBox.swift; sourceTree = "<group>"; };
		65B83F80213C08C600515915 /* NodeFactory.swift */ = {isa = PBXFileReference; lastKnownFileType = sourcecode.swift; path = NodeFactory.swift; sourceTree = "<group>"; };
		65B83F82213C08E400515915 /* Grid.swift */ = {isa = PBXFileReference; lastKnownFileType = sourcecode.swift; path = Grid.swift; sourceTree = "<group>"; };
		65BB5F252155443900E01923 /* DetectionAreaNode.swift */ = {isa = PBXFileReference; lastKnownFileType = sourcecode.swift; path = DetectionAreaNode.swift; sourceTree = "<group>"; };
		65BFF01F21414F66000861F8 /* NodePositioning.swift */ = {isa = PBXFileReference; lastKnownFileType = sourcecode.swift; path = NodePositioning.swift; sourceTree = "<group>"; };
		65C003B82146BF3400EDB205 /* LevelConfiguration.swift */ = {isa = PBXFileReference; lastKnownFileType = sourcecode.swift; path = LevelConfiguration.swift; sourceTree = "<group>"; };
		65CDD424215E643D004703EE /* LevelSummaryViewModel.swift */ = {isa = PBXFileReference; lastKnownFileType = sourcecode.swift; path = LevelSummaryViewModel.swift; sourceTree = "<group>"; };
		65CDD426215E644B004703EE /* LevelSummaryViewController.swift */ = {isa = PBXFileReference; lastKnownFileType = sourcecode.swift; path = LevelSummaryViewController.swift; sourceTree = "<group>"; };
		65D2C8B82168CEA9007E6B5E /* InputHandler.swift */ = {isa = PBXFileReference; lastKnownFileType = sourcecode.swift; path = InputHandler.swift; sourceTree = "<group>"; };
		65D57A912167A31100CC4374 /* CameraNode.swift */ = {isa = PBXFileReference; lastKnownFileType = sourcecode.swift; path = CameraNode.swift; sourceTree = "<group>"; };
		65D7F1DC2157FD390085C6CF /* OverlayScene.swift */ = {isa = PBXFileReference; lastKnownFileType = sourcecode.swift; path = OverlayScene.swift; sourceTree = "<group>"; };
		65D7F1DE2157FFDE0085C6CF /* Sprites.atlas */ = {isa = PBXFileReference; lastKnownFileType = folder.skatlas; path = Sprites.atlas; sourceTree = "<group>"; };
		65D7F1E0215800F80085C6CF /* SpriteFactory.swift */ = {isa = PBXFileReference; lastKnownFileType = sourcecode.swift; path = SpriteFactory.swift; sourceTree = "<group>"; };
		65DCBC5E2154047A00F5D2FB /* SpaceWorld.swift */ = {isa = PBXFileReference; lastKnownFileType = sourcecode.swift; path = SpaceWorld.swift; sourceTree = "<group>"; };
		65DCBC60215407D000F5D2FB /* World.swift */ = {isa = PBXFileReference; lastKnownFileType = sourcecode.swift; path = World.swift; sourceTree = "<group>"; };
		65DCBC6221540C2900F5D2FB /* SceneViewController.swift */ = {isa = PBXFileReference; lastKnownFileType = sourcecode.swift; path = SceneViewController.swift; sourceTree = "<group>"; };
		65E422CD216E50B20056CB96 /* ViewControllerProvider.swift */ = {isa = PBXFileReference; lastKnownFileType = sourcecode.swift; path = ViewControllerProvider.swift; sourceTree = "<group>"; };
		65EDA8F8213EFA7C00BEC738 /* ValueGenerator.swift */ = {isa = PBXFileReference; lastKnownFileType = sourcecode.swift; path = ValueGenerator.swift; sourceTree = "<group>"; };
		65F89CD9216256970031CFC0 /* SceneImageLoader.swift */ = {isa = PBXFileReference; lastKnownFileType = sourcecode.swift; path = SceneImageLoader.swift; sourceTree = "<group>"; };
/* End PBXFileReference section */

/* Begin PBXFrameworksBuildPhase section */
		6546A83B213C0651009F0650 /* Frameworks */ = {
			isa = PBXFrameworksBuildPhase;
			buildActionMask = 2147483647;
			files = (
			);
			runOnlyForDeploymentPostprocessing = 0;
		};
		6546A84F213C0652009F0650 /* Frameworks */ = {
			isa = PBXFrameworksBuildPhase;
			buildActionMask = 2147483647;
			files = (
			);
			runOnlyForDeploymentPostprocessing = 0;
		};
/* End PBXFrameworksBuildPhase section */

/* Begin PBXGroup section */
		6529F31C21663559006856DB /* SceneKit Extensions */ = {
			isa = PBXGroup;
			children = (
				654B9ED12166391000CD81BA /* SCNPyramid_Extension.swift */,
				6586AC9E214F1325008727D9 /* SCNNode_Extensions.swift */,
			);
			name = "SceneKit Extensions";
			sourceTree = "<group>";
		};
		6529F31D2166369C006856DB /* Staging Area */ = {
			isa = PBXGroup;
			children = (
				6529F31E216636B5006856DB /* StagingAreaViewControllerProvider.swift */,
				6529F320216636C3006856DB /* StagingAreaViewController.swift */,
				6529F322216636D2006856DB /* StagingAreaViewModel.swift */,
			);
			name = "Staging Area";
			sourceTree = "<group>";
		};
		6546A835213C0651009F0650 = {
			isa = PBXGroup;
			children = (
				6546A840213C0651009F0650 /* Sentinel */,
				6546A855213C0652009F0650 /* SentinelTests */,
				6546A83F213C0651009F0650 /* Products */,
			);
			sourceTree = "<group>";
		};
		6546A83F213C0651009F0650 /* Products */ = {
			isa = PBXGroup;
			children = (
				6546A83E213C0651009F0650 /* Sentinel.app */,
				6546A852213C0652009F0650 /* SentinelTests.xctest */,
			);
			name = Products;
			sourceTree = "<group>";
		};
		6546A840213C0651009F0650 /* Sentinel */ = {
			isa = PBXGroup;
			children = (
				6529F31C21663559006856DB /* SceneKit Extensions */,
				65CDD422215E63F8004703EE /* View Controllers */,
				6567866D215E7A54005105EE /* Navigation */,
				656AED8E215A68A3005D88B3 /* Input */,
				65D7F1DB2157FD220085C6CF /* Overlay */,
				656AAEE2214EA3EF00991151 /* Timing */,
				656AAEE1214EA3DD00991151 /* UI */,
				656AAEE0214EA3BF00991151 /* Level Configuration */,
				656AAEDF214EA3AE00991151 /* Grid */,
				656AAEDD214EA38200991151 /* Node */,
				65DCBC592154043700F5D2FB /* World */,
				6546A841213C0651009F0650 /* AppDelegate.swift */,
				6546A848213C0652009F0650 /* Assets.xcassets */,
				65D7F1DE2157FFDE0085C6CF /* Sprites.atlas */,
				6546A84A213C0652009F0650 /* LaunchScreen.storyboard */,
				6546A84D213C0652009F0650 /* Info.plist */,
			);
			path = Sentinel;
			sourceTree = "<group>";
		};
		6546A855213C0652009F0650 /* SentinelTests */ = {
			isa = PBXGroup;
			children = (
				6546A856213C0652009F0650 /* GridTests.swift */,
				652B39C1213EB76B006D9AB0 /* GridIndexTests.swift */,
				65A9E07321417013009011C8 /* GridPointTests.swift */,
				6546A858213C0652009F0650 /* Info.plist */,
			);
			path = SentinelTests;
			sourceTree = "<group>";
		};
		655D5E4D21564CC100BA2F49 /* Game */ = {
			isa = PBXGroup;
			children = (
				65678672215E8105005105EE /* GameViewControllerProvider.swift */,
				6546A843213C0651009F0650 /* GameMainViewController.swift */,
				654AB2C6214D4B0400E8851D /* GameContainerViewController.swift */,
				656635DA2141483D00C264EA /* GameViewModel.swift */,
				656AED8C215A5E74005D88B3 /* TerrainViewModel.swift */,
				656AED88215A5E61005D88B3 /* PlayerViewModel.swift */,
				656AED8A215A5E6D005D88B3 /* OpponentsViewModel.swift */,
			);
			name = Game;
			sourceTree = "<group>";
		};
		655D5E4E21564E4400BA2F49 /* Lobby */ = {
			isa = PBXGroup;
			children = (
				6567867A215E87F5005105EE /* LobbyViewControllerProvider.swift */,
				655D5E5021564E7800BA2F49 /* LobbyViewController.swift */,
				655D5E5221564F0E00BA2F49 /* LobbyViewModel.swift */,
				650788C52162899800252727 /* LobbyCollectionViewLayout.swift */,
				655D5E5621564FC400BA2F49 /* LobbyCollectionViewCell.swift */,
			);
			name = Lobby;
			sourceTree = "<group>";
		};
		6567866D215E7A54005105EE /* Navigation */ = {
			isa = PBXGroup;
			children = (
				6567866E215E7A79005105EE /* ViewControllerRegistry.swift */,
				65E422CD216E50B20056CB96 /* ViewControllerProvider.swift */,
				6567867D215E8F91005105EE /* RegistrationLocator.swift */,
				65A381F3215FA06C0011052F /* LeafViewController.swift */,
			);
			name = Navigation;
			sourceTree = "<group>";
		};
		6567867C215E8A89005105EE /* Space */ = {
			isa = PBXGroup;
			children = (
				65DCBC5E2154047A00F5D2FB /* SpaceWorld.swift */,
				65A9E07721427795009011C8 /* SkyBox.swift */,
				65A9E0752142712B009011C8 /* skybox.png */,
			);
			name = Space;
			sourceTree = "<group>";
		};
		656AAEDD214EA38200991151 /* Node */ = {
			isa = PBXGroup;
			children = (
				65B83F80213C08C600515915 /* NodeFactory.swift */,
				65BFF01F21414F66000861F8 /* NodePositioning.swift */,
				6515595121403AD500F35776 /* NodeMap.swift */,
				656AAEF0214ED76600991151 /* TerrainNode.swift */,
				657A3B47214F070D0092E2D9 /* PlaceableNode.swift */,
				6594D0F02152B09300D13EC6 /* ViewingNode.swift */,
				6586ACA0214FC753008727D9 /* DetectableNode.swift */,
				65D57A912167A31100CC4374 /* CameraNode.swift */,
				656AAEE4214EA4C600991151 /* FloorNode.swift */,
				656AAEEA214ECBD500991151 /* SlopeNode.swift */,
				656AAEE8214EBAAA00991151 /* RockNode.swift */,
				656AAEE6214EB82100991151 /* TreeNode.swift */,
				654B9ECB216638CB00CD81BA /* EyeNode.swift */,
				654B9ECF216638FB00CD81BA /* VisionNode.swift */,
				656AAEEE214ED18D00991151 /* SynthoidNode.swift */,
				656AAEEC214ECE3100991151 /* OpponentNode.swift */,
				65BB5F252155443900E01923 /* DetectionAreaNode.swift */,
				655141E921543034009E7486 /* NodeManipulator.swift */,
				650788C721638B0000252727 /* MaterialFactory.swift */,
				650788C92163989D00252727 /* ColourGenerator.swift */,
			);
			name = Node;
			sourceTree = "<group>";
		};
		656AAEDF214EA3AE00991151 /* Grid */ = {
			isa = PBXGroup;
			children = (
				65B83F82213C08E400515915 /* Grid.swift */,
				652778CD2145625E00643BE0 /* GridPiece.swift */,
				6515594D213FFD0000F35776 /* GridIndex.swift */,
			);
			name = Grid;
			sourceTree = "<group>";
		};
		656AAEE0214EA3BF00991151 /* Level Configuration */ = {
			isa = PBXGroup;
			children = (
				659395F0213D46B700302665 /* TerrainGenerator.swift */,
				65C003B82146BF3400EDB205 /* LevelConfiguration.swift */,
				65EDA8F8213EFA7C00BEC738 /* ValueGenerator.swift */,
			);
			name = "Level Configuration";
			sourceTree = "<group>";
		};
		656AAEE1214EA3DD00991151 /* UI */ = {
			isa = PBXGroup;
			children = (
				65678670215E7CC2005105EE /* UI.swift */,
				65A381F1215E9B700011052F /* UIContext.swift */,
				65F89CD9216256970031CFC0 /* SceneImageLoader.swift */,
				6529F31D2166369C006856DB /* Staging Area */,
				65A381F5215FA2ED0011052F /* Intro */,
				655D5E4E21564E4400BA2F49 /* Lobby */,
				65CDD423215E640B004703EE /* Level Summary */,
				655D5E4D21564CC100BA2F49 /* Game */,
			);
			name = UI;
			sourceTree = "<group>";
		};
		656AAEE2214EA3EF00991151 /* Timing */ = {
			isa = PBXGroup;
			children = (
				6586ACA421500CEE008727D9 /* TimeMachine.swift */,
			);
			name = Timing;
			sourceTree = "<group>";
		};
		656AED8E215A68A3005D88B3 /* Input */ = {
			isa = PBXGroup;
			children = (
				65D2C8B82168CEA9007E6B5E /* InputHandler.swift */,
				656AED8F215A68BC005D88B3 /* BasicInputHandler.swift */,
				65A18F4F215BB1CF0014E90B /* SwipeInputViewModel.swift */,
			);
			name = Input;
			sourceTree = "<group>";
		};
		65A381F5215FA2ED0011052F /* Intro */ = {
			isa = PBXGroup;
			children = (
				65A381F6215FA3040011052F /* IntroViewControllerProvider.swift */,
				65A381F8215FA30C0011052F /* IntroViewController.swift */,
			);
			name = Intro;
			sourceTree = "<group>";
		};
		65CDD422215E63F8004703EE /* View Controllers */ = {
			isa = PBXGroup;
			children = (
				65DCBC6221540C2900F5D2FB /* SceneViewController.swift */,
			);
			name = "View Controllers";
			sourceTree = "<group>";
		};
		65CDD423215E640B004703EE /* Level Summary */ = {
			isa = PBXGroup;
			children = (
				65678678215E87E1005105EE /* LevelSummaryViewControllerProvider.swift */,
				65CDD426215E644B004703EE /* LevelSummaryViewController.swift */,
				65CDD424215E643D004703EE /* LevelSummaryViewModel.swift */,
			);
			name = "Level Summary";
			sourceTree = "<group>";
		};
		65D7F1DB2157FD220085C6CF /* Overlay */ = {
			isa = PBXGroup;
			children = (
				65D7F1DC2157FD390085C6CF /* OverlayScene.swift */,
				65D7F1E0215800F80085C6CF /* SpriteFactory.swift */,
			);
			name = Overlay;
			sourceTree = "<group>";
		};
		65DCBC592154043700F5D2FB /* World */ = {
			isa = PBXGroup;
			children = (
				6567867C215E8A89005105EE /* Space */,
				65DCBC60215407D000F5D2FB /* World.swift */,
			);
			name = World;
			sourceTree = "<group>";
		};
/* End PBXGroup section */

/* Begin PBXNativeTarget section */
		6546A83D213C0651009F0650 /* Sentinel */ = {
			isa = PBXNativeTarget;
			buildConfigurationList = 6546A85B213C0652009F0650 /* Build configuration list for PBXNativeTarget "Sentinel" */;
			buildPhases = (
				6546A83A213C0651009F0650 /* Sources */,
				6546A83B213C0651009F0650 /* Frameworks */,
				6546A83C213C0651009F0650 /* Resources */,
			);
			buildRules = (
			);
			dependencies = (
			);
			name = Sentinel;
			productName = Sentinel;
			productReference = 6546A83E213C0651009F0650 /* Sentinel.app */;
			productType = "com.apple.product-type.application";
		};
		6546A851213C0652009F0650 /* SentinelTests */ = {
			isa = PBXNativeTarget;
			buildConfigurationList = 6546A85E213C0652009F0650 /* Build configuration list for PBXNativeTarget "SentinelTests" */;
			buildPhases = (
				6546A84E213C0652009F0650 /* Sources */,
				6546A84F213C0652009F0650 /* Frameworks */,
				6546A850213C0652009F0650 /* Resources */,
			);
			buildRules = (
			);
			dependencies = (
				6546A854213C0652009F0650 /* PBXTargetDependency */,
			);
			name = SentinelTests;
			productName = SentinelTests;
			productReference = 6546A852213C0652009F0650 /* SentinelTests.xctest */;
			productType = "com.apple.product-type.bundle.unit-test";
		};
/* End PBXNativeTarget section */

/* Begin PBXProject section */
		6546A836213C0651009F0650 /* Project object */ = {
			isa = PBXProject;
			attributes = {
				LastSwiftUpdateCheck = 0940;
				LastUpgradeCheck = 0940;
				ORGANIZATIONNAME = "Ceri Hughes";
				TargetAttributes = {
					6546A83D213C0651009F0650 = {
						CreatedOnToolsVersion = 9.4.1;
					};
					6546A851213C0652009F0650 = {
						CreatedOnToolsVersion = 9.4.1;
						LastSwiftMigration = 1000;
					};
				};
			};
			buildConfigurationList = 6546A839213C0651009F0650 /* Build configuration list for PBXProject "Sentinel" */;
			compatibilityVersion = "Xcode 9.3";
			developmentRegion = en;
			hasScannedForEncodings = 0;
			knownRegions = (
				en,
				Base,
			);
			mainGroup = 6546A835213C0651009F0650;
			productRefGroup = 6546A83F213C0651009F0650 /* Products */;
			projectDirPath = "";
			projectRoot = "";
			targets = (
				6546A83D213C0651009F0650 /* Sentinel */,
				6546A851213C0652009F0650 /* SentinelTests */,
			);
		};
/* End PBXProject section */

/* Begin PBXResourcesBuildPhase section */
		6546A83C213C0651009F0650 /* Resources */ = {
			isa = PBXResourcesBuildPhase;
			buildActionMask = 2147483647;
			files = (
				6546A84C213C0652009F0650 /* LaunchScreen.storyboard in Resources */,
				6546A849213C0652009F0650 /* Assets.xcassets in Resources */,
				65D7F1DF2157FFDE0085C6CF /* Sprites.atlas in Resources */,
				65A9E0762142712C009011C8 /* skybox.png in Resources */,
			);
			runOnlyForDeploymentPostprocessing = 0;
		};
		6546A850213C0652009F0650 /* Resources */ = {
			isa = PBXResourcesBuildPhase;
			buildActionMask = 2147483647;
			files = (
			);
			runOnlyForDeploymentPostprocessing = 0;
		};
/* End PBXResourcesBuildPhase section */

/* Begin PBXSourcesBuildPhase section */
		6546A83A213C0651009F0650 /* Sources */ = {
			isa = PBXSourcesBuildPhase;
			buildActionMask = 2147483647;
			files = (
				654B9ED22166391000CD81BA /* SCNPyramid_Extension.swift in Sources */,
				6515594E213FFD0000F35776 /* GridIndex.swift in Sources */,
				655D5E5721564FC400BA2F49 /* LobbyCollectionViewCell.swift in Sources */,
				656AED90215A68BC005D88B3 /* BasicInputHandler.swift in Sources */,
				65A381F4215FA06C0011052F /* LeafViewController.swift in Sources */,
				6586ACA521500CEE008727D9 /* TimeMachine.swift in Sources */,
				655141EA21543034009E7486 /* NodeManipulator.swift in Sources */,
				655D5E5121564E7800BA2F49 /* LobbyViewController.swift in Sources */,
				6529F323216636D2006856DB /* StagingAreaViewModel.swift in Sources */,
				65A18F50215BB1D00014E90B /* SwipeInputViewModel.swift in Sources */,
				65678671215E7CC2005105EE /* UI.swift in Sources */,
				656635DB2141483D00C264EA /* GameViewModel.swift in Sources */,
				65678673215E8105005105EE /* GameViewControllerProvider.swift in Sources */,
				65DCBC61215407D000F5D2FB /* World.swift in Sources */,
				65D2C8B92168CEA9007E6B5E /* InputHandler.swift in Sources */,
				656AED8B215A5E6D005D88B3 /* OpponentsViewModel.swift in Sources */,
				6586ACA1214FC753008727D9 /* DetectableNode.swift in Sources */,
				656AAEF1214ED76600991151 /* TerrainNode.swift in Sources */,
				650788C821638B0000252727 /* MaterialFactory.swift in Sources */,
				6567866F215E7A79005105EE /* ViewControllerRegistry.swift in Sources */,
				6567867E215E8F91005105EE /* RegistrationLocator.swift in Sources */,
				65678679215E87E1005105EE /* LevelSummaryViewControllerProvider.swift in Sources */,
				656AED89215A5E61005D88B3 /* PlayerViewModel.swift in Sources */,
				656AAEE7214EB82100991151 /* TreeNode.swift in Sources */,
				65C003B92146BF3400EDB205 /* LevelConfiguration.swift in Sources */,
				656AAEEB214ECBD500991151 /* SlopeNode.swift in Sources */,
				65A381F2215E9B700011052F /* UIContext.swift in Sources */,
				656AAEEF214ED18D00991151 /* SynthoidNode.swift in Sources */,
				65A9E07821427795009011C8 /* SkyBox.swift in Sources */,
				65BFF02021414F66000861F8 /* NodePositioning.swift in Sources */,
				6546A844213C0651009F0650 /* GameMainViewController.swift in Sources */,
				656AED8D215A5E74005D88B3 /* TerrainViewModel.swift in Sources */,
				65DCBC6321540C2900F5D2FB /* SceneViewController.swift in Sources */,
				650788CA2163989D00252727 /* ColourGenerator.swift in Sources */,
				6567867B215E87F5005105EE /* LobbyViewControllerProvider.swift in Sources */,
				65D7F1DD2157FD390085C6CF /* OverlayScene.swift in Sources */,
				652778CE2145625E00643BE0 /* GridPiece.swift in Sources */,
				65CDD427215E644B004703EE /* LevelSummaryViewController.swift in Sources */,
				6515595221403AD500F35776 /* NodeMap.swift in Sources */,
				650788C62162899800252727 /* LobbyCollectionViewLayout.swift in Sources */,
				65CDD425215E643D004703EE /* LevelSummaryViewModel.swift in Sources */,
				6546A842213C0651009F0650 /* AppDelegate.swift in Sources */,
				65F89CDA216256970031CFC0 /* SceneImageLoader.swift in Sources */,
				65DCBC5F2154047A00F5D2FB /* SpaceWorld.swift in Sources */,
				65D7F1E1215800F80085C6CF /* SpriteFactory.swift in Sources */,
				654AB2C7214D4B0400E8851D /* GameContainerViewController.swift in Sources */,
				657A3B48214F070D0092E2D9 /* PlaceableNode.swift in Sources */,
				656AAEE9214EBAAA00991151 /* RockNode.swift in Sources */,
				6586AC9F214F1325008727D9 /* SCNNode_Extensions.swift in Sources */,
				654B9ED0216638FB00CD81BA /* VisionNode.swift in Sources */,
				656AAEED214ECE3100991151 /* OpponentNode.swift in Sources */,
				65B83F81213C08C600515915 /* NodeFactory.swift in Sources */,
				6529F31F216636B5006856DB /* StagingAreaViewControllerProvider.swift in Sources */,
				65A381F7215FA3040011052F /* IntroViewControllerProvider.swift in Sources */,
				654B9ECC216638CC00CD81BA /* EyeNode.swift in Sources */,
				65A381F9215FA30C0011052F /* IntroViewController.swift in Sources */,
				65B83F83213C08E400515915 /* Grid.swift in Sources */,
				65E422CE216E50B20056CB96 /* ViewControllerProvider.swift in Sources */,
				655D5E5321564F0E00BA2F49 /* LobbyViewModel.swift in Sources */,
				65EDA8F9213EFA7C00BEC738 /* ValueGenerator.swift in Sources */,
				65D57A922167A31100CC4374 /* CameraNode.swift in Sources */,
				6594D0F12152B09300D13EC6 /* ViewingNode.swift in Sources */,
				65BB5F262155443900E01923 /* DetectionAreaNode.swift in Sources */,
				6529F321216636C3006856DB /* StagingAreaViewController.swift in Sources */,
				659395F1213D46B700302665 /* TerrainGenerator.swift in Sources */,
				656AAEE5214EA4C600991151 /* FloorNode.swift in Sources */,
			);
			runOnlyForDeploymentPostprocessing = 0;
		};
		6546A84E213C0652009F0650 /* Sources */ = {
			isa = PBXSourcesBuildPhase;
			buildActionMask = 2147483647;
			files = (
				6515594F213FFD4400F35776 /* GridIndex.swift in Sources */,
				652B39C2213EB76B006D9AB0 /* GridIndexTests.swift in Sources */,
				654AB2C5214D486100E8851D /* LevelConfiguration.swift in Sources */,
				659395F4213D511A00302665 /* TerrainGenerator.swift in Sources */,
				6546A857213C0652009F0650 /* GridTests.swift in Sources */,
				65B83F84213C09A000515915 /* Grid.swift in Sources */,
				65155950213FFD7000F35776 /* ValueGenerator.swift in Sources */,
				65473B1D2145A23300AC4A2D /* GridPiece.swift in Sources */,
				65A9E07421417013009011C8 /* GridPointTests.swift in Sources */,
			);
			runOnlyForDeploymentPostprocessing = 0;
		};
/* End PBXSourcesBuildPhase section */

/* Begin PBXTargetDependency section */
		6546A854213C0652009F0650 /* PBXTargetDependency */ = {
			isa = PBXTargetDependency;
			target = 6546A83D213C0651009F0650 /* Sentinel */;
			targetProxy = 6546A853213C0652009F0650 /* PBXContainerItemProxy */;
		};
/* End PBXTargetDependency section */

/* Begin PBXVariantGroup section */
		6546A84A213C0652009F0650 /* LaunchScreen.storyboard */ = {
			isa = PBXVariantGroup;
			children = (
				6546A84B213C0652009F0650 /* Base */,
			);
			name = LaunchScreen.storyboard;
			sourceTree = "<group>";
		};
/* End PBXVariantGroup section */

/* Begin XCBuildConfiguration section */
		6546A859213C0652009F0650 /* Debug */ = {
			isa = XCBuildConfiguration;
			buildSettings = {
				ALWAYS_SEARCH_USER_PATHS = NO;
				CLANG_ANALYZER_NONNULL = YES;
				CLANG_ANALYZER_NUMBER_OBJECT_CONVERSION = YES_AGGRESSIVE;
				CLANG_CXX_LANGUAGE_STANDARD = "gnu++14";
				CLANG_CXX_LIBRARY = "libc++";
				CLANG_ENABLE_MODULES = YES;
				CLANG_ENABLE_OBJC_ARC = YES;
				CLANG_ENABLE_OBJC_WEAK = YES;
				CLANG_WARN_BLOCK_CAPTURE_AUTORELEASING = YES;
				CLANG_WARN_BOOL_CONVERSION = YES;
				CLANG_WARN_COMMA = YES;
				CLANG_WARN_CONSTANT_CONVERSION = YES;
				CLANG_WARN_DEPRECATED_OBJC_IMPLEMENTATIONS = YES;
				CLANG_WARN_DIRECT_OBJC_ISA_USAGE = YES_ERROR;
				CLANG_WARN_DOCUMENTATION_COMMENTS = YES;
				CLANG_WARN_EMPTY_BODY = YES;
				CLANG_WARN_ENUM_CONVERSION = YES;
				CLANG_WARN_INFINITE_RECURSION = YES;
				CLANG_WARN_INT_CONVERSION = YES;
				CLANG_WARN_NON_LITERAL_NULL_CONVERSION = YES;
				CLANG_WARN_OBJC_IMPLICIT_RETAIN_SELF = YES;
				CLANG_WARN_OBJC_LITERAL_CONVERSION = YES;
				CLANG_WARN_OBJC_ROOT_CLASS = YES_ERROR;
				CLANG_WARN_RANGE_LOOP_ANALYSIS = YES;
				CLANG_WARN_STRICT_PROTOTYPES = YES;
				CLANG_WARN_SUSPICIOUS_MOVE = YES;
				CLANG_WARN_UNGUARDED_AVAILABILITY = YES_AGGRESSIVE;
				CLANG_WARN_UNREACHABLE_CODE = YES;
				CLANG_WARN__DUPLICATE_METHOD_MATCH = YES;
				CODE_SIGN_IDENTITY = "iPhone Developer";
				COPY_PHASE_STRIP = NO;
				DEBUG_INFORMATION_FORMAT = dwarf;
				ENABLE_STRICT_OBJC_MSGSEND = YES;
				ENABLE_TESTABILITY = YES;
				GCC_C_LANGUAGE_STANDARD = gnu11;
				GCC_DYNAMIC_NO_PIC = NO;
				GCC_NO_COMMON_BLOCKS = YES;
				GCC_OPTIMIZATION_LEVEL = 0;
				GCC_PREPROCESSOR_DEFINITIONS = (
					"DEBUG=1",
					"$(inherited)",
				);
				GCC_WARN_64_TO_32_BIT_CONVERSION = YES;
				GCC_WARN_ABOUT_RETURN_TYPE = YES_ERROR;
				GCC_WARN_UNDECLARED_SELECTOR = YES;
				GCC_WARN_UNINITIALIZED_AUTOS = YES_AGGRESSIVE;
				GCC_WARN_UNUSED_FUNCTION = YES;
				GCC_WARN_UNUSED_VARIABLE = YES;
				IPHONEOS_DEPLOYMENT_TARGET = 12.0;
				MTL_ENABLE_DEBUG_INFO = YES;
				ONLY_ACTIVE_ARCH = YES;
				SDKROOT = iphoneos;
				SWIFT_ACTIVE_COMPILATION_CONDITIONS = DEBUG;
				SWIFT_OPTIMIZATION_LEVEL = "-Onone";
			};
			name = Debug;
		};
		6546A85A213C0652009F0650 /* Release */ = {
			isa = XCBuildConfiguration;
			buildSettings = {
				ALWAYS_SEARCH_USER_PATHS = NO;
				CLANG_ANALYZER_NONNULL = YES;
				CLANG_ANALYZER_NUMBER_OBJECT_CONVERSION = YES_AGGRESSIVE;
				CLANG_CXX_LANGUAGE_STANDARD = "gnu++14";
				CLANG_CXX_LIBRARY = "libc++";
				CLANG_ENABLE_MODULES = YES;
				CLANG_ENABLE_OBJC_ARC = YES;
				CLANG_ENABLE_OBJC_WEAK = YES;
				CLANG_WARN_BLOCK_CAPTURE_AUTORELEASING = YES;
				CLANG_WARN_BOOL_CONVERSION = YES;
				CLANG_WARN_COMMA = YES;
				CLANG_WARN_CONSTANT_CONVERSION = YES;
				CLANG_WARN_DEPRECATED_OBJC_IMPLEMENTATIONS = YES;
				CLANG_WARN_DIRECT_OBJC_ISA_USAGE = YES_ERROR;
				CLANG_WARN_DOCUMENTATION_COMMENTS = YES;
				CLANG_WARN_EMPTY_BODY = YES;
				CLANG_WARN_ENUM_CONVERSION = YES;
				CLANG_WARN_INFINITE_RECURSION = YES;
				CLANG_WARN_INT_CONVERSION = YES;
				CLANG_WARN_NON_LITERAL_NULL_CONVERSION = YES;
				CLANG_WARN_OBJC_IMPLICIT_RETAIN_SELF = YES;
				CLANG_WARN_OBJC_LITERAL_CONVERSION = YES;
				CLANG_WARN_OBJC_ROOT_CLASS = YES_ERROR;
				CLANG_WARN_RANGE_LOOP_ANALYSIS = YES;
				CLANG_WARN_STRICT_PROTOTYPES = YES;
				CLANG_WARN_SUSPICIOUS_MOVE = YES;
				CLANG_WARN_UNGUARDED_AVAILABILITY = YES_AGGRESSIVE;
				CLANG_WARN_UNREACHABLE_CODE = YES;
				CLANG_WARN__DUPLICATE_METHOD_MATCH = YES;
				CODE_SIGN_IDENTITY = "iPhone Developer";
				COPY_PHASE_STRIP = NO;
				DEBUG_INFORMATION_FORMAT = "dwarf-with-dsym";
				ENABLE_NS_ASSERTIONS = NO;
				ENABLE_STRICT_OBJC_MSGSEND = YES;
				GCC_C_LANGUAGE_STANDARD = gnu11;
				GCC_NO_COMMON_BLOCKS = YES;
				GCC_WARN_64_TO_32_BIT_CONVERSION = YES;
				GCC_WARN_ABOUT_RETURN_TYPE = YES_ERROR;
				GCC_WARN_UNDECLARED_SELECTOR = YES;
				GCC_WARN_UNINITIALIZED_AUTOS = YES_AGGRESSIVE;
				GCC_WARN_UNUSED_FUNCTION = YES;
				GCC_WARN_UNUSED_VARIABLE = YES;
				IPHONEOS_DEPLOYMENT_TARGET = 12.0;
				MTL_ENABLE_DEBUG_INFO = NO;
				SDKROOT = iphoneos;
				SWIFT_COMPILATION_MODE = wholemodule;
				SWIFT_OPTIMIZATION_LEVEL = "-O";
				VALIDATE_PRODUCT = YES;
			};
			name = Release;
		};
		6546A85C213C0652009F0650 /* Debug */ = {
			isa = XCBuildConfiguration;
			buildSettings = {
				ASSETCATALOG_COMPILER_APPICON_NAME = AppIcon;
				CODE_SIGN_STYLE = Automatic;
				DEVELOPMENT_TEAM = Y56955G4Q8;
				INFOPLIST_FILE = Sentinel/Info.plist;
				LD_RUNPATH_SEARCH_PATHS = (
					"$(inherited)",
					"@executable_path/Frameworks",
				);
				PRODUCT_BUNDLE_IDENTIFIER = com.cerihughes.Sentinel;
				PRODUCT_NAME = "$(TARGET_NAME)";
				SWIFT_VERSION = 4.2;
				TARGETED_DEVICE_FAMILY = "1,2";
			};
			name = Debug;
		};
		6546A85D213C0652009F0650 /* Release */ = {
			isa = XCBuildConfiguration;
			buildSettings = {
				ASSETCATALOG_COMPILER_APPICON_NAME = AppIcon;
				CODE_SIGN_STYLE = Automatic;
				DEVELOPMENT_TEAM = Y56955G4Q8;
				INFOPLIST_FILE = Sentinel/Info.plist;
				LD_RUNPATH_SEARCH_PATHS = (
					"$(inherited)",
					"@executable_path/Frameworks",
				);
				PRODUCT_BUNDLE_IDENTIFIER = com.cerihughes.Sentinel;
				PRODUCT_NAME = "$(TARGET_NAME)";
				SWIFT_VERSION = 4.2;
				TARGETED_DEVICE_FAMILY = "1,2";
			};
			name = Release;
		};
		6546A85F213C0652009F0650 /* Debug */ = {
			isa = XCBuildConfiguration;
			buildSettings = {
				ALWAYS_EMBED_SWIFT_STANDARD_LIBRARIES = YES;
				CODE_SIGN_STYLE = Automatic;
				DEVELOPMENT_TEAM = Y56955G4Q8;
				INFOPLIST_FILE = SentinelTests/Info.plist;
				LD_RUNPATH_SEARCH_PATHS = (
					"$(inherited)",
					"@executable_path/Frameworks",
					"@loader_path/Frameworks",
				);
				PRODUCT_BUNDLE_IDENTIFIER = com.cerihughes.SentinelTests;
				PRODUCT_NAME = "$(TARGET_NAME)";
				SWIFT_VERSION = 4.2;
				TARGETED_DEVICE_FAMILY = "1,2";
			};
			name = Debug;
		};
		6546A860213C0652009F0650 /* Release */ = {
			isa = XCBuildConfiguration;
			buildSettings = {
				ALWAYS_EMBED_SWIFT_STANDARD_LIBRARIES = YES;
				CODE_SIGN_STYLE = Automatic;
				DEVELOPMENT_TEAM = Y56955G4Q8;
				INFOPLIST_FILE = SentinelTests/Info.plist;
				LD_RUNPATH_SEARCH_PATHS = (
					"$(inherited)",
					"@executable_path/Frameworks",
					"@loader_path/Frameworks",
				);
				PRODUCT_BUNDLE_IDENTIFIER = com.cerihughes.SentinelTests;
				PRODUCT_NAME = "$(TARGET_NAME)";
				SWIFT_VERSION = 4.2;
				TARGETED_DEVICE_FAMILY = "1,2";
			};
			name = Release;
		};
/* End XCBuildConfiguration section */

/* Begin XCConfigurationList section */
		6546A839213C0651009F0650 /* Build configuration list for PBXProject "Sentinel" */ = {
			isa = XCConfigurationList;
			buildConfigurations = (
				6546A859213C0652009F0650 /* Debug */,
				6546A85A213C0652009F0650 /* Release */,
			);
			defaultConfigurationIsVisible = 0;
			defaultConfigurationName = Release;
		};
		6546A85B213C0652009F0650 /* Build configuration list for PBXNativeTarget "Sentinel" */ = {
			isa = XCConfigurationList;
			buildConfigurations = (
				6546A85C213C0652009F0650 /* Debug */,
				6546A85D213C0652009F0650 /* Release */,
			);
			defaultConfigurationIsVisible = 0;
			defaultConfigurationName = Release;
		};
		6546A85E213C0652009F0650 /* Build configuration list for PBXNativeTarget "SentinelTests" */ = {
			isa = XCConfigurationList;
			buildConfigurations = (
				6546A85F213C0652009F0650 /* Debug */,
				6546A860213C0652009F0650 /* Release */,
			);
			defaultConfigurationIsVisible = 0;
			defaultConfigurationName = Release;
		};
/* End XCConfigurationList section */
	};
	rootObject = 6546A836213C0651009F0650 /* Project object */;
}
